
Microsoft Visual Studio Solution File, Format Version 12.00
# Visual Studio Version 16
VisualStudioVersion = 16.0.31112.23
MinimumVisualStudioVersion = 10.0.40219.1
Project("{8BC9CEB8-8B4A-11D0-8D11-00A0C91BC942}") = "homewor3", "homewor3\homewor3.vcxproj", "{13D45ECD-6371-483B-B89C-6BCDEB9AFA30}"
EndProject
Global
	GlobalSection(SolutionConfigurationPlatforms) = preSolution
		Debug|x64 = Debug|x64
		Debug|x86 = Debug|x86
		Release|x64 = Release|x64
		Release|x86 = Release|x86
	EndGlobalSection
	GlobalSection(ProjectConfigurationPlatforms) = postSolution
		{13D45ECD-6371-483B-B89C-6BCDEB9AFA30}.Debug|x64.ActiveCfg = Debug|x64
		{13D45ECD-6371-483B-B89C-6BCDEB9AFA30}.Debug|x64.Build.0 = Debug|x64
		{13D45ECD-6371-483B-B89C-6BCDEB9AFA30}.Debug|x86.ActiveCfg = Debug|Win32
		{13D45ECD-6371-483B-B89C-6BCDEB9AFA30}.Debug|x86.Build.0 = Debug|Win32
		{13D45ECD-6371-483B-B89C-6BCDEB9AFA30}.Release|x64.ActiveCfg = Release|x64
		{13D45ECD-6371-483B-B89C-6BCDEB9AFA30}.Release|x64.Build.0 = Release|x64
		{13D45ECD-6371-483B-B89C-6BCDEB9AFA30}.Release|x86.ActiveCfg = Release|Win32
		{13D45ECD-6371-483B-B89C-6BCDEB9AFA30}.Release|x86.Build.0 = Release|Win32
	EndGlobalSection
	GlobalSection(SolutionProperties) = preSolution
		HideSolutionNode = FALSE
	EndGlobalSection
	GlobalSection(ExtensibilityGlobals) = postSolution
		SolutionGuid = {AF6AD5CF-CFE7-4151-BAC4-B06579E50F83}
	EndGlobalSection
EndGlobal
